{
  "name": "horizio-app",
  "version": "1.0.0",
  "lockfileVersion": 1,
  "requires": true,
  "dependencies": {
    "preact-icon-base": {
      "version": "2.0.6",
      "resolved": "https://registry.npmjs.org/preact-icon-base/-/preact-icon-base-2.0.6.tgz",
      "integrity": "sha1-09bI+hyH6MNAgmVhff5Ld9+9wks="
    },
    "preact-icons": {
      "version": "2.2.5",
      "resolved": "https://registry.npmjs.org/preact-icons/-/preact-icons-2.2.5.tgz",
      "integrity": "sha1-gm1XM9WRbMGRibRVK5M3f9HxCwg=",
      "requires": {
        "preact-icon-base": "2.0.6"
      }
    }
  }
}
